PODS:
  - Alamofire (4.7.3)
  - SQLite.swift (0.12.2):
    - SQLite.swift/standard (= 0.12.2)
  - SQLite.swift/standard (0.12.2)
  - SwiftyJSON (5.0.0)

DEPENDENCIES:
  - Alamofire (~> 4.7.3)
  - SQLite.swift (~> 0.12.0)
  - SwiftyJSON

SPEC REPOS:
  trunk:
    - Alamofire
    - SQLite.swift
    - SwiftyJSON

SPEC CHECKSUMS:
  Alamofire: c7287b6e5d7da964a70935e5db17046b7fde6568
  SQLite.swift: d2b4642190917051ce6bd1d49aab565fe794eea3
  SwiftyJSON: 36413e04c44ee145039d332b4f4e2d3e8d6c4db7

PODFILE CHECKSUM: d3c32d280e9bf05928b71d941c56317c01d44867

COCOAPODS: 1.9.2
