PODS:
  - Alamofire (4.7.3)
  - SQLite.swift (0.12.2):
    - SQLite.swift/standard (= 0.12.2)
  - SQLite.swift/standard (0.12.2)
  - Starscream (3.1.1)
  - SwiftCentrifuge (0.0.6):
    - Starscream (~> 3)
    - SwiftProtobuf
  - SwiftProtobuf (1.8.0)
  - SwiftyJSON (5.0.0)

DEPENDENCIES:
  - Alamofire (~> 4.7.3)
  - SQLite.swift (~> 0.12.0)
  - SwiftCentrifuge (from `./`)
  - SwiftyJSON

SPEC REPOS:
  trunk:
    - Alamofire
    - SQLite.swift
    - Starscream
    - SwiftProtobuf
    - SwiftyJSON

EXTERNAL SOURCES:
  SwiftCentrifuge:
    :path: "./"

SPEC CHECKSUMS:
  Alamofire: c7287b6e5d7da964a70935e5db17046b7fde6568
  SQLite.swift: d2b4642190917051ce6bd1d49aab565fe794eea3
  Starscream: 4bb2f9942274833f7b4d296a55504dcfc7edb7b0
  SwiftCentrifuge: 7d05b11b7da8fdeb1919a1d19aa265ea12d4d727
  SwiftProtobuf: 2cbd9409689b7df170d82a92a33443c8e3e14a70
  SwiftyJSON: 36413e04c44ee145039d332b4f4e2d3e8d6c4db7

PODFILE CHECKSUM: 79e423ca2aaa167694402d3bad6460b3cbb5f39e

COCOAPODS: 1.8.4
