// !$*UTF8*$!
{
	archiveVersion = 1;
	classes = {
	};
	objectVersion = 50;
	objects = {

/* Begin PBXBuildFile section */
		4C3A0F1F2475226E00DC010B /* Constants.swift in Sources */ = {isa = PBXBuildFile; fileRef = 4C3A0EFB2475226C00DC010B /* Constants.swift */; };
		4C3A0F202475226E00DC010B /* BlaUserStatus.swift in Sources */ = {isa = PBXBuildFile; fileRef = 4C3A0EFC2475226C00DC010B /* BlaUserStatus.swift */; };
		4C3A0F212475226E00DC010B /* ChannelsRemote.swift in Sources */ = {isa = PBXBuildFile; fileRef = 4C3A0EFD2475226C00DC010B /* ChannelsRemote.swift */; };
		4C3A0F222475226E00DC010B /* MessagesRemote.swift in Sources */ = {isa = PBXBuildFile; fileRef = 4C3A0EFE2475226C00DC010B /* MessagesRemote.swift */; };
		4C3A0F232475226E00DC010B /* BlaUserPresence.swift in Sources */ = {isa = PBXBuildFile; fileRef = 4C3A0EFF2475226C00DC010B /* BlaUserPresence.swift */; };
		4C3A0F242475226E00DC010B /* Types.swift in Sources */ = {isa = PBXBuildFile; fileRef = 4C3A0F002475226C00DC010B /* Types.swift */; };
		4C3A0F252475226E00DC010B /* CentrifugoController.swift in Sources */ = {isa = PBXBuildFile; fileRef = 4C3A0F012475226C00DC010B /* CentrifugoController.swift */; };
		4C3A0F262475226E00DC010B /* Delegate.swift in Sources */ = {isa = PBXBuildFile; fileRef = 4C3A0F022475226D00DC010B /* Delegate.swift */; };
		4C3A0F272475226E00DC010B /* BlaUser.swift in Sources */ = {isa = PBXBuildFile; fileRef = 4C3A0F032475226D00DC010B /* BlaUser.swift */; };
		4C3A0F282475226E00DC010B /* MessageModels.swift in Sources */ = {isa = PBXBuildFile; fileRef = 4C3A0F042475226D00DC010B /* MessageModels.swift */; };
		4C3A0F292475226E00DC010B /* UsersLocal.swift in Sources */ = {isa = PBXBuildFile; fileRef = 4C3A0F052475226D00DC010B /* UsersLocal.swift */; };
		4C3A0F2A2475226E00DC010B /* CacheRepository.swift in Sources */ = {isa = PBXBuildFile; fileRef = 4C3A0F062475226D00DC010B /* CacheRepository.swift */; };
		4C3A0F2B2475226E00DC010B /* BlaMessageDAO.swift in Sources */ = {isa = PBXBuildFile; fileRef = 4C3A0F072475226D00DC010B /* BlaMessageDAO.swift */; };
		4C3A0F2C2475226E00DC010B /* BaseRepositoryRemote.swift in Sources */ = {isa = PBXBuildFile; fileRef = 4C3A0F082475226D00DC010B /* BaseRepositoryRemote.swift */; };
		4C3A0F2D2475226E00DC010B /* BlaChannelDAO.swift in Sources */ = {isa = PBXBuildFile; fileRef = 4C3A0F092475226D00DC010B /* BlaChannelDAO.swift */; };
		4C3A0F2E2475226E00DC010B /* UserModels.swift in Sources */ = {isa = PBXBuildFile; fileRef = 4C3A0F0A2475226D00DC010B /* UserModels.swift */; };
		4C3A0F2F2475226E00DC010B /* ChannelModels.swift in Sources */ = {isa = PBXBuildFile; fileRef = 4C3A0F0B2475226D00DC010B /* ChannelModels.swift */; };
		4C3A0F302475226E00DC010B /* ChatSDKController.swift in Sources */ = {isa = PBXBuildFile; fileRef = 4C3A0F0C2475226D00DC010B /* ChatSDKController.swift */; };
		4C3A0F312475226E00DC010B /* BlaChatSDK.h in Headers */ = {isa = PBXBuildFile; fileRef = 4C3A0F0D2475226D00DC010B /* BlaChatSDK.h */; };
		4C3A0F322475226E00DC010B /* Info.plist in Resources */ = {isa = PBXBuildFile; fileRef = 4C3A0F0E2475226D00DC010B /* Info.plist */; };
		4C3A0F332475226E00DC010B /* UsersRemote.swift in Sources */ = {isa = PBXBuildFile; fileRef = 4C3A0F0F2475226D00DC010B /* UsersRemote.swift */; };
		4C3A0F342475226E00DC010B /* client.pb.swift in Sources */ = {isa = PBXBuildFile; fileRef = 4C3A0F102475226D00DC010B /* client.pb.swift */; };
		4C3A0F352475226E00DC010B /* BlaMessage.swift in Sources */ = {isa = PBXBuildFile; fileRef = 4C3A0F112475226D00DC010B /* BlaMessage.swift */; };
		4C3A0F362475226E00DC010B /* BlaUserDAO.swift in Sources */ = {isa = PBXBuildFile; fileRef = 4C3A0F122475226D00DC010B /* BlaUserDAO.swift */; };
		4C3A0F372475226E00DC010B /* MessagesLocal.swift in Sources */ = {isa = PBXBuildFile; fileRef = 4C3A0F132475226D00DC010B /* MessagesLocal.swift */; };
		4C3A0F382475226E00DC010B /* UserInChannelLocal.swift in Sources */ = {isa = PBXBuildFile; fileRef = 4C3A0F142475226D00DC010B /* UserInChannelLocal.swift */; };
		4C3A0F392475226E00DC010B /* BlaUserInChannelDAO.swift in Sources */ = {isa = PBXBuildFile; fileRef = 4C3A0F152475226E00DC010B /* BlaUserInChannelDAO.swift */; };
		4C3A0F3A2475226E00DC010B /* Helpers.swift in Sources */ = {isa = PBXBuildFile; fileRef = 4C3A0F162475226E00DC010B /* Helpers.swift */; };
		4C3A0F3B2475226E00DC010B /* Client.swift in Sources */ = {isa = PBXBuildFile; fileRef = 4C3A0F172475226E00DC010B /* Client.swift */; };
		4C3A0F3C2475226E00DC010B /* Subscription.swift in Sources */ = {isa = PBXBuildFile; fileRef = 4C3A0F182475226E00DC010B /* Subscription.swift */; };
		4C3A0F3D2475226E00DC010B /* BlaEnum.swift in Sources */ = {isa = PBXBuildFile; fileRef = 4C3A0F192475226E00DC010B /* BlaEnum.swift */; };
		4C3A0F3E2475226E00DC010B /* BlaUserInChannel.swift in Sources */ = {isa = PBXBuildFile; fileRef = 4C3A0F1A2475226E00DC010B /* BlaUserInChannel.swift */; };
		4C3A0F3F2475226E00DC010B /* BlaChannel.swift in Sources */ = {isa = PBXBuildFile; fileRef = 4C3A0F1B2475226E00DC010B /* BlaChannel.swift */; };
		4C3A0F402475226E00DC010B /* DbConnection.swift in Sources */ = {isa = PBXBuildFile; fileRef = 4C3A0F1C2475226E00DC010B /* DbConnection.swift */; };
		4C3A0F412475226E00DC010B /* ChannelsLocal.swift in Sources */ = {isa = PBXBuildFile; fileRef = 4C3A0F1D2475226E00DC010B /* ChannelsLocal.swift */; };
		4C3A0F422475226E00DC010B /* RequestManager.swift in Sources */ = {isa = PBXBuildFile; fileRef = 4C3A0F1E2475226E00DC010B /* RequestManager.swift */; };
		4C6E4D05246D45480079102A /* BlaChatSDK.h in Headers */ = {isa = PBXBuildFile; fileRef = 4C6E4D03246D45480079102A /* BlaChatSDK.h */; settings = {ATTRIBUTES = (Public, ); }; };
		7243D3DFAF452A67219DEAD8 /* Pods_BlaChatSDK.framework in Frameworks */ = {isa = PBXBuildFile; fileRef = 31B77503991BDB9BC4DF79CF /* Pods_BlaChatSDK.framework */; };
/* End PBXBuildFile section */

/* Begin PBXFileReference section */
		25B51540F7DDE5F54BC6F5C5 /* Pods-BlaChatSDK.debug.xcconfig */ = {isa = PBXFileReference; includeInIndex = 1; lastKnownFileType = text.xcconfig; name = "Pods-BlaChatSDK.debug.xcconfig"; path = "Target Support Files/Pods-BlaChatSDK/Pods-BlaChatSDK.debug.xcconfig"; sourceTree = "<group>"; };
		31B77503991BDB9BC4DF79CF /* Pods_BlaChatSDK.framework */ = {isa = PBXFileReference; explicitFileType = wrapper.framework; includeInIndex = 0; path = Pods_BlaChatSDK.framework; sourceTree = BUILT_PRODUCTS_DIR; };
		4C3A0EFB2475226C00DC010B /* Constants.swift */ = {isa = PBXFileReference; fileEncoding = 4; lastKnownFileType = sourcecode.swift; path = Constants.swift; sourceTree = "<group>"; };
		4C3A0EFC2475226C00DC010B /* BlaUserStatus.swift */ = {isa = PBXFileReference; fileEncoding = 4; lastKnownFileType = sourcecode.swift; path = BlaUserStatus.swift; sourceTree = "<group>"; };
		4C3A0EFD2475226C00DC010B /* ChannelsRemote.swift */ = {isa = PBXFileReference; fileEncoding = 4; lastKnownFileType = sourcecode.swift; path = ChannelsRemote.swift; sourceTree = "<group>"; };
		4C3A0EFE2475226C00DC010B /* MessagesRemote.swift */ = {isa = PBXFileReference; fileEncoding = 4; lastKnownFileType = sourcecode.swift; path = MessagesRemote.swift; sourceTree = "<group>"; };
		4C3A0EFF2475226C00DC010B /* BlaUserPresence.swift */ = {isa = PBXFileReference; fileEncoding = 4; lastKnownFileType = sourcecode.swift; path = BlaUserPresence.swift; sourceTree = "<group>"; };
		4C3A0F002475226C00DC010B /* Types.swift */ = {isa = PBXFileReference; fileEncoding = 4; lastKnownFileType = sourcecode.swift; path = Types.swift; sourceTree = "<group>"; };
		4C3A0F012475226C00DC010B /* CentrifugoController.swift */ = {isa = PBXFileReference; fileEncoding = 4; lastKnownFileType = sourcecode.swift; path = CentrifugoController.swift; sourceTree = "<group>"; };
		4C3A0F022475226D00DC010B /* Delegate.swift */ = {isa = PBXFileReference; fileEncoding = 4; lastKnownFileType = sourcecode.swift; path = Delegate.swift; sourceTree = "<group>"; };
		4C3A0F032475226D00DC010B /* BlaUser.swift */ = {isa = PBXFileReference; fileEncoding = 4; lastKnownFileType = sourcecode.swift; path = BlaUser.swift; sourceTree = "<group>"; };
		4C3A0F042475226D00DC010B /* MessageModels.swift */ = {isa = PBXFileReference; fileEncoding = 4; lastKnownFileType = sourcecode.swift; path = MessageModels.swift; sourceTree = "<group>"; };
		4C3A0F052475226D00DC010B /* UsersLocal.swift */ = {isa = PBXFileReference; fileEncoding = 4; lastKnownFileType = sourcecode.swift; path = UsersLocal.swift; sourceTree = "<group>"; };
		4C3A0F062475226D00DC010B /* CacheRepository.swift */ = {isa = PBXFileReference; fileEncoding = 4; lastKnownFileType = sourcecode.swift; path = CacheRepository.swift; sourceTree = "<group>"; };
		4C3A0F072475226D00DC010B /* BlaMessageDAO.swift */ = {isa = PBXFileReference; fileEncoding = 4; lastKnownFileType = sourcecode.swift; path = BlaMessageDAO.swift; sourceTree = "<group>"; };
		4C3A0F082475226D00DC010B /* BaseRepositoryRemote.swift */ = {isa = PBXFileReference; fileEncoding = 4; lastKnownFileType = sourcecode.swift; path = BaseRepositoryRemote.swift; sourceTree = "<group>"; };
		4C3A0F092475226D00DC010B /* BlaChannelDAO.swift */ = {isa = PBXFileReference; fileEncoding = 4; lastKnownFileType = sourcecode.swift; path = BlaChannelDAO.swift; sourceTree = "<group>"; };
		4C3A0F0A2475226D00DC010B /* UserModels.swift */ = {isa = PBXFileReference; fileEncoding = 4; lastKnownFileType = sourcecode.swift; path = UserModels.swift; sourceTree = "<group>"; };
		4C3A0F0B2475226D00DC010B /* ChannelModels.swift */ = {isa = PBXFileReference; fileEncoding = 4; lastKnownFileType = sourcecode.swift; path = ChannelModels.swift; sourceTree = "<group>"; };
		4C3A0F0C2475226D00DC010B /* ChatSDKController.swift */ = {isa = PBXFileReference; fileEncoding = 4; lastKnownFileType = sourcecode.swift; path = ChatSDKController.swift; sourceTree = "<group>"; };
		4C3A0F0D2475226D00DC010B /* BlaChatSDK.h */ = {isa = PBXFileReference; fileEncoding = 4; lastKnownFileType = sourcecode.c.h; path = BlaChatSDK.h; sourceTree = "<group>"; };
		4C3A0F0E2475226D00DC010B /* Info.plist */ = {isa = PBXFileReference; fileEncoding = 4; lastKnownFileType = text.plist.xml; path = Info.plist; sourceTree = "<group>"; };
		4C3A0F0F2475226D00DC010B /* UsersRemote.swift */ = {isa = PBXFileReference; fileEncoding = 4; lastKnownFileType = sourcecode.swift; path = UsersRemote.swift; sourceTree = "<group>"; };
		4C3A0F102475226D00DC010B /* client.pb.swift */ = {isa = PBXFileReference; fileEncoding = 4; lastKnownFileType = sourcecode.swift; path = client.pb.swift; sourceTree = "<group>"; };
		4C3A0F112475226D00DC010B /* BlaMessage.swift */ = {isa = PBXFileReference; fileEncoding = 4; lastKnownFileType = sourcecode.swift; path = BlaMessage.swift; sourceTree = "<group>"; };
		4C3A0F122475226D00DC010B /* BlaUserDAO.swift */ = {isa = PBXFileReference; fileEncoding = 4; lastKnownFileType = sourcecode.swift; path = BlaUserDAO.swift; sourceTree = "<group>"; };
		4C3A0F132475226D00DC010B /* MessagesLocal.swift */ = {isa = PBXFileReference; fileEncoding = 4; lastKnownFileType = sourcecode.swift; path = MessagesLocal.swift; sourceTree = "<group>"; };
		4C3A0F142475226D00DC010B /* UserInChannelLocal.swift */ = {isa = PBXFileReference; fileEncoding = 4; lastKnownFileType = sourcecode.swift; path = UserInChannelLocal.swift; sourceTree = "<group>"; };
		4C3A0F152475226E00DC010B /* BlaUserInChannelDAO.swift */ = {isa = PBXFileReference; fileEncoding = 4; lastKnownFileType = sourcecode.swift; path = BlaUserInChannelDAO.swift; sourceTree = "<group>"; };
		4C3A0F162475226E00DC010B /* Helpers.swift */ = {isa = PBXFileReference; fileEncoding = 4; lastKnownFileType = sourcecode.swift; path = Helpers.swift; sourceTree = "<group>"; };
		4C3A0F172475226E00DC010B /* Client.swift */ = {isa = PBXFileReference; fileEncoding = 4; lastKnownFileType = sourcecode.swift; path = Client.swift; sourceTree = "<group>"; };
		4C3A0F182475226E00DC010B /* Subscription.swift */ = {isa = PBXFileReference; fileEncoding = 4; lastKnownFileType = sourcecode.swift; path = Subscription.swift; sourceTree = "<group>"; };
		4C3A0F192475226E00DC010B /* BlaEnum.swift */ = {isa = PBXFileReference; fileEncoding = 4; lastKnownFileType = sourcecode.swift; path = BlaEnum.swift; sourceTree = "<group>"; };
		4C3A0F1A2475226E00DC010B /* BlaUserInChannel.swift */ = {isa = PBXFileReference; fileEncoding = 4; lastKnownFileType = sourcecode.swift; path = BlaUserInChannel.swift; sourceTree = "<group>"; };
		4C3A0F1B2475226E00DC010B /* BlaChannel.swift */ = {isa = PBXFileReference; fileEncoding = 4; lastKnownFileType = sourcecode.swift; path = BlaChannel.swift; sourceTree = "<group>"; };
		4C3A0F1C2475226E00DC010B /* DbConnection.swift */ = {isa = PBXFileReference; fileEncoding = 4; lastKnownFileType = sourcecode.swift; path = DbConnection.swift; sourceTree = "<group>"; };
		4C3A0F1D2475226E00DC010B /* ChannelsLocal.swift */ = {isa = PBXFileReference; fileEncoding = 4; lastKnownFileType = sourcecode.swift; path = ChannelsLocal.swift; sourceTree = "<group>"; };
		4C3A0F1E2475226E00DC010B /* RequestManager.swift */ = {isa = PBXFileReference; fileEncoding = 4; lastKnownFileType = sourcecode.swift; path = RequestManager.swift; sourceTree = "<group>"; };
		4C6E4D00246D45480079102A /* BlaChatSDK.framework */ = {isa = PBXFileReference; explicitFileType = wrapper.framework; includeInIndex = 0; path = BlaChatSDK.framework; sourceTree = BUILT_PRODUCTS_DIR; };
		4C6E4D03246D45480079102A /* BlaChatSDK.h */ = {isa = PBXFileReference; lastKnownFileType = sourcecode.c.h; path = BlaChatSDK.h; sourceTree = "<group>"; };
		4C6E4D04246D45480079102A /* Info.plist */ = {isa = PBXFileReference; lastKnownFileType = text.plist.xml; path = Info.plist; sourceTree = "<group>"; };
		A3B1180C19986B64BD34F02A /* Pods-BlaChatSDK.release.xcconfig */ = {isa = PBXFileReference; includeInIndex = 1; lastKnownFileType = text.xcconfig; name = "Pods-BlaChatSDK.release.xcconfig"; path = "Target Support Files/Pods-BlaChatSDK/Pods-BlaChatSDK.release.xcconfig"; sourceTree = "<group>"; };
/* End PBXFileReference section */

/* Begin PBXFrameworksBuildPhase section */
		4C6E4CFD246D45480079102A /* Frameworks */ = {
			isa = PBXFrameworksBuildPhase;
			buildActionMask = 2147483647;
			files = (
				7243D3DFAF452A67219DEAD8 /* Pods_BlaChatSDK.framework in Frameworks */,
			);
			runOnlyForDeploymentPostprocessing = 0;
		};
/* End PBXFrameworksBuildPhase section */

/* Begin PBXGroup section */
		4C6E4CF6246D45480079102A = {
			isa = PBXGroup;
			children = (
				4C6E4D02246D45480079102A /* BlaChatSDK */,
				4C6E4D01246D45480079102A /* Products */,
				50A48B8E04420D01B76EC0DA /* Pods */,
				C1258782FF6C96B539BB3BCF /* Frameworks */,
			);
			sourceTree = "<group>";
		};
		4C6E4D01246D45480079102A /* Products */ = {
			isa = PBXGroup;
			children = (
				4C6E4D00246D45480079102A /* BlaChatSDK.framework */,
			);
			name = Products;
			sourceTree = "<group>";
		};
		4C6E4D02246D45480079102A /* BlaChatSDK */ = {
			isa = PBXGroup;
			children = (
				4C3A0F082475226D00DC010B /* BaseRepositoryRemote.swift */,
				4C3A0F1B2475226E00DC010B /* BlaChannel.swift */,
				4C3A0F092475226D00DC010B /* BlaChannelDAO.swift */,
				4C3A0F0D2475226D00DC010B /* BlaChatSDK.h */,
				4C3A0F192475226E00DC010B /* BlaEnum.swift */,
				4C3A0F112475226D00DC010B /* BlaMessage.swift */,
				4C3A0F072475226D00DC010B /* BlaMessageDAO.swift */,
				4C3A0F032475226D00DC010B /* BlaUser.swift */,
				4C3A0F122475226D00DC010B /* BlaUserDAO.swift */,
				4C3A0F1A2475226E00DC010B /* BlaUserInChannel.swift */,
				4C3A0F152475226E00DC010B /* BlaUserInChannelDAO.swift */,
				4C3A0EFF2475226C00DC010B /* BlaUserPresence.swift */,
				4C3A0EFC2475226C00DC010B /* BlaUserStatus.swift */,
				4C3A0F062475226D00DC010B /* CacheRepository.swift */,
				4C3A0F012475226C00DC010B /* CentrifugoController.swift */,
				4C3A0F0B2475226D00DC010B /* ChannelModels.swift */,
				4C3A0F1D2475226E00DC010B /* ChannelsLocal.swift */,
				4C3A0EFD2475226C00DC010B /* ChannelsRemote.swift */,
				4C3A0F0C2475226D00DC010B /* ChatSDKController.swift */,
				4C3A0F102475226D00DC010B /* client.pb.swift */,
				4C3A0F172475226E00DC010B /* Client.swift */,
				4C3A0EFB2475226C00DC010B /* Constants.swift */,
				4C3A0F1C2475226E00DC010B /* DbConnection.swift */,
				4C3A0F022475226D00DC010B /* Delegate.swift */,
				4C3A0F162475226E00DC010B /* Helpers.swift */,
				4C3A0F0E2475226D00DC010B /* Info.plist */,
				4C3A0F042475226D00DC010B /* MessageModels.swift */,
				4C3A0F132475226D00DC010B /* MessagesLocal.swift */,
				4C3A0EFE2475226C00DC010B /* MessagesRemote.swift */,
				4C3A0F1E2475226E00DC010B /* RequestManager.swift */,
				4C3A0F182475226E00DC010B /* Subscription.swift */,
				4C3A0F002475226C00DC010B /* Types.swift */,
				4C3A0F142475226D00DC010B /* UserInChannelLocal.swift */,
				4C3A0F0A2475226D00DC010B /* UserModels.swift */,
				4C3A0F052475226D00DC010B /* UsersLocal.swift */,
				4C3A0F0F2475226D00DC010B /* UsersRemote.swift */,
				4C6E4D03246D45480079102A /* BlaChatSDK.h */,
				4C6E4D04246D45480079102A /* Info.plist */,
			);
			path = BlaChatSDK;
			sourceTree = "<group>";
		};
		50A48B8E04420D01B76EC0DA /* Pods */ = {
			isa = PBXGroup;
			children = (
				25B51540F7DDE5F54BC6F5C5 /* Pods-BlaChatSDK.debug.xcconfig */,
				A3B1180C19986B64BD34F02A /* Pods-BlaChatSDK.release.xcconfig */,
			);
			path = Pods;
			sourceTree = "<group>";
		};
		C1258782FF6C96B539BB3BCF /* Frameworks */ = {
			isa = PBXGroup;
			children = (
				31B77503991BDB9BC4DF79CF /* Pods_BlaChatSDK.framework */,
			);
			name = Frameworks;
			sourceTree = "<group>";
		};
/* End PBXGroup section */

/* Begin PBXHeadersBuildPhase section */
		4C6E4CFB246D45480079102A /* Headers */ = {
			isa = PBXHeadersBuildPhase;
			buildActionMask = 2147483647;
			files = (
				4C6E4D05246D45480079102A /* BlaChatSDK.h in Headers */,
				4C3A0F312475226E00DC010B /* BlaChatSDK.h in Headers */,
			);
			runOnlyForDeploymentPostprocessing = 0;
		};
/* End PBXHeadersBuildPhase section */

/* Begin PBXNativeTarget section */
		4C6E4CFF246D45480079102A /* BlaChatSDK */ = {
			isa = PBXNativeTarget;
			buildConfigurationList = 4C6E4D08246D45480079102A /* Build configuration list for PBXNativeTarget "BlaChatSDK" */;
			buildPhases = (
				5EC510A083CC6E9D7D9C8ECA /* [CP] Check Pods Manifest.lock */,
				4C6E4CFB246D45480079102A /* Headers */,
				4C6E4CFC246D45480079102A /* Sources */,
				4C6E4CFD246D45480079102A /* Frameworks */,
				4C6E4CFE246D45480079102A /* Resources */,
			);
			buildRules = (
			);
			dependencies = (
			);
			name = BlaChatSDK;
			productName = BlaChatSDK;
			productReference = 4C6E4D00246D45480079102A /* BlaChatSDK.framework */;
			productType = "com.apple.product-type.framework";
		};
/* End PBXNativeTarget section */

/* Begin PBXProject section */
		4C6E4CF7246D45480079102A /* Project object */ = {
			isa = PBXProject;
			attributes = {
				KnownAssetTags = (
					New,
				);
				LastUpgradeCheck = 1140;
				ORGANIZATIONNAME = com.blameo;
				TargetAttributes = {
					4C6E4CFF246D45480079102A = {
						CreatedOnToolsVersion = 11.4;
						LastSwiftMigration = 1140;
					};
				};
			};
			buildConfigurationList = 4C6E4CFA246D45480079102A /* Build configuration list for PBXProject "BlaChatSDK" */;
			compatibilityVersion = "Xcode 9.3";
			developmentRegion = en;
			hasScannedForEncodings = 0;
			knownRegions = (
				en,
				Base,
			);
			mainGroup = 4C6E4CF6246D45480079102A;
			productRefGroup = 4C6E4D01246D45480079102A /* Products */;
			projectDirPath = "";
			projectRoot = "";
			targets = (
				4C6E4CFF246D45480079102A /* BlaChatSDK */,
			);
		};
/* End PBXProject section */

/* Begin PBXResourcesBuildPhase section */
		4C6E4CFE246D45480079102A /* Resources */ = {
			isa = PBXResourcesBuildPhase;
			buildActionMask = 2147483647;
			files = (
				4C3A0F322475226E00DC010B /* Info.plist in Resources */,
			);
			runOnlyForDeploymentPostprocessing = 0;
		};
/* End PBXResourcesBuildPhase section */

/* Begin PBXShellScriptBuildPhase section */
		5EC510A083CC6E9D7D9C8ECA /* [CP] Check Pods Manifest.lock */ = {
			isa = PBXShellScriptBuildPhase;
			buildActionMask = 2147483647;
			files = (
			);
			inputFileListPaths = (
			);
			inputPaths = (
				"${PODS_PODFILE_DIR_PATH}/Podfile.lock",
				"${PODS_ROOT}/Manifest.lock",
			);
			name = "[CP] Check Pods Manifest.lock";
			outputFileListPaths = (
			);
			outputPaths = (
				"$(DERIVED_FILE_DIR)/Pods-BlaChatSDK-checkManifestLockResult.txt",
			);
			runOnlyForDeploymentPostprocessing = 0;
			shellPath = /bin/sh;
			shellScript = "diff \"${PODS_PODFILE_DIR_PATH}/Podfile.lock\" \"${PODS_ROOT}/Manifest.lock\" > /dev/null\nif [ $? != 0 ] ; then\n    # print error to STDERR\n    echo \"error: The sandbox is not in sync with the Podfile.lock. Run 'pod install' or update your CocoaPods installation.\" >&2\n    exit 1\nfi\n# This output is used by Xcode 'outputs' to avoid re-running this script phase.\necho \"SUCCESS\" > \"${SCRIPT_OUTPUT_FILE_0}\"\n";
			showEnvVarsInLog = 0;
		};
/* End PBXShellScriptBuildPhase section */

/* Begin PBXSourcesBuildPhase section */
		4C6E4CFC246D45480079102A /* Sources */ = {
			isa = PBXSourcesBuildPhase;
			buildActionMask = 2147483647;
			files = (
				4C3A0F2C2475226E00DC010B /* BaseRepositoryRemote.swift in Sources */,
				4C3A0F2A2475226E00DC010B /* CacheRepository.swift in Sources */,
				4C3A0F392475226E00DC010B /* BlaUserInChannelDAO.swift in Sources */,
				4C3A0F402475226E00DC010B /* DbConnection.swift in Sources */,
				4C3A0F2F2475226E00DC010B /* ChannelModels.swift in Sources */,
				4C3A0F332475226E00DC010B /* UsersRemote.swift in Sources */,
				4C3A0F202475226E00DC010B /* BlaUserStatus.swift in Sources */,
				4C3A0F382475226E00DC010B /* UserInChannelLocal.swift in Sources */,
				4C3A0F3F2475226E00DC010B /* BlaChannel.swift in Sources */,
				4C3A0F252475226E00DC010B /* CentrifugoController.swift in Sources */,
				4C3A0F1F2475226E00DC010B /* Constants.swift in Sources */,
				4C3A0F362475226E00DC010B /* BlaUserDAO.swift in Sources */,
				4C3A0F2D2475226E00DC010B /* BlaChannelDAO.swift in Sources */,
				4C3A0F282475226E00DC010B /* MessageModels.swift in Sources */,
				4C3A0F352475226E00DC010B /* BlaMessage.swift in Sources */,
				4C3A0F212475226E00DC010B /* ChannelsRemote.swift in Sources */,
				4C3A0F272475226E00DC010B /* BlaUser.swift in Sources */,
				4C3A0F422475226E00DC010B /* RequestManager.swift in Sources */,
				4C3A0F262475226E00DC010B /* Delegate.swift in Sources */,
				4C3A0F242475226E00DC010B /* Types.swift in Sources */,
				4C3A0F3B2475226E00DC010B /* Client.swift in Sources */,
				4C3A0F412475226E00DC010B /* ChannelsLocal.swift in Sources */,
				4C3A0F3C2475226E00DC010B /* Subscription.swift in Sources */,
				4C3A0F342475226E00DC010B /* client.pb.swift in Sources */,
				4C3A0F302475226E00DC010B /* ChatSDKController.swift in Sources */,
				4C3A0F2B2475226E00DC010B /* BlaMessageDAO.swift in Sources */,
				4C3A0F3D2475226E00DC010B /* BlaEnum.swift in Sources */,
				4C3A0F3E2475226E00DC010B /* BlaUserInChannel.swift in Sources */,
				4C3A0F372475226E00DC010B /* MessagesLocal.swift in Sources */,
				4C3A0F292475226E00DC010B /* UsersLocal.swift in Sources */,
				4C3A0F232475226E00DC010B /* BlaUserPresence.swift in Sources */,
				4C3A0F3A2475226E00DC010B /* Helpers.swift in Sources */,
				4C3A0F2E2475226E00DC010B /* UserModels.swift in Sources */,
				4C3A0F222475226E00DC010B /* MessagesRemote.swift in Sources */,
			);
			runOnlyForDeploymentPostprocessing = 0;
		};
/* End PBXSourcesBuildPhase section */

/* Begin XCBuildConfiguration section */
		4C6E4D06246D45480079102A /* Debug */ = {
			isa = XCBuildConfiguration;
			buildSettings = {
				ALWAYS_SEARCH_USER_PATHS = NO;
				CLANG_ANALYZER_NONNULL = YES;
				CLANG_ANALYZER_NUMBER_OBJECT_CONVERSION = YES_AGGRESSIVE;
				CLANG_CXX_LANGUAGE_STANDARD = "gnu++14";
				CLANG_CXX_LIBRARY = "libc++";
				CLANG_ENABLE_MODULES = YES;
				CLANG_ENABLE_OBJC_ARC = YES;
				CLANG_ENABLE_OBJC_WEAK = YES;
				CLANG_WARN_BLOCK_CAPTURE_AUTORELEASING = YES;
				CLANG_WARN_BOOL_CONVERSION = YES;
				CLANG_WARN_COMMA = YES;
				CLANG_WARN_CONSTANT_CONVERSION = YES;
				CLANG_WARN_DEPRECATED_OBJC_IMPLEMENTATIONS = YES;
				CLANG_WARN_DIRECT_OBJC_ISA_USAGE = YES_ERROR;
				CLANG_WARN_DOCUMENTATION_COMMENTS = YES;
				CLANG_WARN_EMPTY_BODY = YES;
				CLANG_WARN_ENUM_CONVERSION = YES;
				CLANG_WARN_INFINITE_RECURSION = YES;
				CLANG_WARN_INT_CONVERSION = YES;
				CLANG_WARN_NON_LITERAL_NULL_CONVERSION = YES;
				CLANG_WARN_OBJC_IMPLICIT_RETAIN_SELF = YES;
				CLANG_WARN_OBJC_LITERAL_CONVERSION = YES;
				CLANG_WARN_OBJC_ROOT_CLASS = YES_ERROR;
				CLANG_WARN_RANGE_LOOP_ANALYSIS = YES;
				CLANG_WARN_STRICT_PROTOTYPES = YES;
				CLANG_WARN_SUSPICIOUS_MOVE = YES;
				CLANG_WARN_UNGUARDED_AVAILABILITY = YES_AGGRESSIVE;
				CLANG_WARN_UNREACHABLE_CODE = YES;
				CLANG_WARN__DUPLICATE_METHOD_MATCH = YES;
				COPY_PHASE_STRIP = NO;
				CURRENT_PROJECT_VERSION = 1;
				DEBUG_INFORMATION_FORMAT = dwarf;
				ENABLE_STRICT_OBJC_MSGSEND = YES;
				ENABLE_TESTABILITY = YES;
				GCC_C_LANGUAGE_STANDARD = gnu11;
				GCC_DYNAMIC_NO_PIC = NO;
				GCC_NO_COMMON_BLOCKS = YES;
				GCC_OPTIMIZATION_LEVEL = 0;
				GCC_PREPROCESSOR_DEFINITIONS = (
					"DEBUG=1",
					"$(inherited)",
				);
				GCC_WARN_64_TO_32_BIT_CONVERSION = YES;
				GCC_WARN_ABOUT_RETURN_TYPE = YES_ERROR;
				GCC_WARN_UNDECLARED_SELECTOR = YES;
				GCC_WARN_UNINITIALIZED_AUTOS = YES_AGGRESSIVE;
				GCC_WARN_UNUSED_FUNCTION = YES;
				GCC_WARN_UNUSED_VARIABLE = YES;
				IPHONEOS_DEPLOYMENT_TARGET = 10.0;
				MTL_ENABLE_DEBUG_INFO = INCLUDE_SOURCE;
				MTL_FAST_MATH = YES;
				ONLY_ACTIVE_ARCH = YES;
				SDKROOT = iphoneos;
				SWIFT_ACTIVE_COMPILATION_CONDITIONS = DEBUG;
				SWIFT_OPTIMIZATION_LEVEL = "-Onone";
				VERSIONING_SYSTEM = "apple-generic";
				VERSION_INFO_PREFIX = "";
			};
			name = Debug;
		};
		4C6E4D07246D45480079102A /* Release */ = {
			isa = XCBuildConfiguration;
			buildSettings = {
				ALWAYS_SEARCH_USER_PATHS = NO;
				CLANG_ANALYZER_NONNULL = YES;
				CLANG_ANALYZER_NUMBER_OBJECT_CONVERSION = YES_AGGRESSIVE;
				CLANG_CXX_LANGUAGE_STANDARD = "gnu++14";
				CLANG_CXX_LIBRARY = "libc++";
				CLANG_ENABLE_MODULES = YES;
				CLANG_ENABLE_OBJC_ARC = YES;
				CLANG_ENABLE_OBJC_WEAK = YES;
				CLANG_WARN_BLOCK_CAPTURE_AUTORELEASING = YES;
				CLANG_WARN_BOOL_CONVERSION = YES;
				CLANG_WARN_COMMA = YES;
				CLANG_WARN_CONSTANT_CONVERSION = YES;
				CLANG_WARN_DEPRECATED_OBJC_IMPLEMENTATIONS = YES;
				CLANG_WARN_DIRECT_OBJC_ISA_USAGE = YES_ERROR;
				CLANG_WARN_DOCUMENTATION_COMMENTS = YES;
				CLANG_WARN_EMPTY_BODY = YES;
				CLANG_WARN_ENUM_CONVERSION = YES;
				CLANG_WARN_INFINITE_RECURSION = YES;
				CLANG_WARN_INT_CONVERSION = YES;
				CLANG_WARN_NON_LITERAL_NULL_CONVERSION = YES;
				CLANG_WARN_OBJC_IMPLICIT_RETAIN_SELF = YES;
				CLANG_WARN_OBJC_LITERAL_CONVERSION = YES;
				CLANG_WARN_OBJC_ROOT_CLASS = YES_ERROR;
				CLANG_WARN_RANGE_LOOP_ANALYSIS = YES;
				CLANG_WARN_STRICT_PROTOTYPES = YES;
				CLANG_WARN_SUSPICIOUS_MOVE = YES;
				CLANG_WARN_UNGUARDED_AVAILABILITY = YES_AGGRESSIVE;
				CLANG_WARN_UNREACHABLE_CODE = YES;
				CLANG_WARN__DUPLICATE_METHOD_MATCH = YES;
				COPY_PHASE_STRIP = NO;
				CURRENT_PROJECT_VERSION = 1;
				DEBUG_INFORMATION_FORMAT = "dwarf-with-dsym";
				ENABLE_NS_ASSERTIONS = NO;
				ENABLE_STRICT_OBJC_MSGSEND = YES;
				GCC_C_LANGUAGE_STANDARD = gnu11;
				GCC_NO_COMMON_BLOCKS = YES;
				GCC_WARN_64_TO_32_BIT_CONVERSION = YES;
				GCC_WARN_ABOUT_RETURN_TYPE = YES_ERROR;
				GCC_WARN_UNDECLARED_SELECTOR = YES;
				GCC_WARN_UNINITIALIZED_AUTOS = YES_AGGRESSIVE;
				GCC_WARN_UNUSED_FUNCTION = YES;
				GCC_WARN_UNUSED_VARIABLE = YES;
				IPHONEOS_DEPLOYMENT_TARGET = 10.0;
				MTL_ENABLE_DEBUG_INFO = NO;
				MTL_FAST_MATH = YES;
				SDKROOT = iphoneos;
				SWIFT_COMPILATION_MODE = wholemodule;
				SWIFT_OPTIMIZATION_LEVEL = "-O";
				VALIDATE_PRODUCT = YES;
				VERSIONING_SYSTEM = "apple-generic";
				VERSION_INFO_PREFIX = "";
			};
			name = Release;
		};
		4C6E4D09246D45480079102A /* Debug */ = {
			isa = XCBuildConfiguration;
			baseConfigurationReference = 25B51540F7DDE5F54BC6F5C5 /* Pods-BlaChatSDK.debug.xcconfig */;
			buildSettings = {
				CLANG_ENABLE_MODULES = YES;
				CODE_SIGN_STYLE = Automatic;
				DEFINES_MODULE = YES;
				DEVELOPMENT_TEAM = 36YNH423YU;
				DYLIB_COMPATIBILITY_VERSION = 1;
				DYLIB_CURRENT_VERSION = 1;
				DYLIB_INSTALL_NAME_BASE = "@rpath";
				INFOPLIST_FILE = BlaChatSDK/Info.plist;
				INSTALL_PATH = "$(LOCAL_LIBRARY_DIR)/Frameworks";
				IPHONEOS_DEPLOYMENT_TARGET = 8.0;
				LD_RUNPATH_SEARCH_PATHS = (
					"$(inherited)",
					"@executable_path/Frameworks",
					"@loader_path/Frameworks",
				);
				PRODUCT_BUNDLE_IDENTIFIER = com.blameo.BlaChatSDK;
				PRODUCT_NAME = "$(TARGET_NAME:c99extidentifier)";
				SKIP_INSTALL = YES;
				SWIFT_OPTIMIZATION_LEVEL = "-Onone";
				SWIFT_VERSION = 4.0;
				TARGETED_DEVICE_FAMILY = "1,2";
			};
			name = Debug;
		};
		4C6E4D0A246D45480079102A /* Release */ = {
			isa = XCBuildConfiguration;
			baseConfigurationReference = A3B1180C19986B64BD34F02A /* Pods-BlaChatSDK.release.xcconfig */;
			buildSettings = {
				CLANG_ENABLE_MODULES = YES;
				CODE_SIGN_STYLE = Automatic;
				DEFINES_MODULE = YES;
				DEVELOPMENT_TEAM = 36YNH423YU;
				DYLIB_COMPATIBILITY_VERSION = 1;
				DYLIB_CURRENT_VERSION = 1;
				DYLIB_INSTALL_NAME_BASE = "@rpath";
				INFOPLIST_FILE = BlaChatSDK/Info.plist;
				INSTALL_PATH = "$(LOCAL_LIBRARY_DIR)/Frameworks";
				IPHONEOS_DEPLOYMENT_TARGET = 8.0;
				LD_RUNPATH_SEARCH_PATHS = (
					"$(inherited)",
					"@executable_path/Frameworks",
					"@loader_path/Frameworks",
				);
				PRODUCT_BUNDLE_IDENTIFIER = com.blameo.BlaChatSDK;
				PRODUCT_NAME = "$(TARGET_NAME:c99extidentifier)";
				SKIP_INSTALL = YES;
				SWIFT_VERSION = 4.0;
				TARGETED_DEVICE_FAMILY = "1,2";
			};
			name = Release;
		};
/* End XCBuildConfiguration section */

/* Begin XCConfigurationList section */
		4C6E4CFA246D45480079102A /* Build configuration list for PBXProject "BlaChatSDK" */ = {
			isa = XCConfigurationList;
			buildConfigurations = (
				4C6E4D06246D45480079102A /* Debug */,
				4C6E4D07246D45480079102A /* Release */,
			);
			defaultConfigurationIsVisible = 0;
			defaultConfigurationName = Release;
		};
		4C6E4D08246D45480079102A /* Build configuration list for PBXNativeTarget "BlaChatSDK" */ = {
			isa = XCConfigurationList;
			buildConfigurations = (
				4C6E4D09246D45480079102A /* Debug */,
				4C6E4D0A246D45480079102A /* Release */,
			);
			defaultConfigurationIsVisible = 0;
			defaultConfigurationName = Release;
		};
/* End XCConfigurationList section */
	};
	rootObject = 4C6E4CF7246D45480079102A /* Project object */;
}
